// !$*UTF8*$!
{
	archiveVersion = 1;
	classes = {
	};
	objectVersion = 54;
	objects = {

/* Begin PBXBuildFile section */
		08F6B7286F87A2914C7525EE /* facelivt_v1_s.onnx in Resources */ = {isa = PBXBuildFile; fileRef = 7D54C895BE60D0CFBACDB063 /* facelivt_v1_s.onnx */; };
		08FA2A072FF3FDFB0044CEF8 /* FaceCoreML.mm in Sources */ = {isa = PBXBuildFile; fileRef = 08FA2A062FF3FDFB0044CEF8 /* FaceCoreML.mm */; };
		0C80B921A6F3F58F76C31292 /* libPods-FaceModelLab.a in Frameworks */ = {isa = PBXBuildFile; fileRef = 5DCACB8F33CDC322A6C60F78 /* libPods-FaceModelLab.a */; };
		13B07FBF1A68108700A75B9A /* Images.xcassets in Resources */ = {isa = PBXBuildFile; fileRef = 13B07FB51A68108700A75B9A /* Images.xcassets */; };
		32DF101621FF1E30E07BDF66 /* facelivt_v2_m.onnx in Resources */ = {isa = PBXBuildFile; fileRef = E9F1D2537AECBDDF5136F171 /* facelivt_v2_m.onnx */; };
		398CFA7849B9F50248B9682B /* PrivacyInfo.xcprivacy in Resources */ = {isa = PBXBuildFile; fileRef = 13B07FB81A68108700A75B9A /* PrivacyInfo.xcprivacy */; };
		3D699E760EF8AECD107252F7 /* mobilefacenet.onnx in Resources */ = {isa = PBXBuildFile; fileRef = 3669D06AE96B4806B25C4AEF /* mobilefacenet.onnx */; };
		4008DA35D0833F8F6491F587 /* facelivt_v2_xs.onnx in Resources */ = {isa = PBXBuildFile; fileRef = 4E7C5E39C5473BCEBB84A88F /* facelivt_v2_xs.onnx */; };
		41000BB825439A24A45F7EF7 /* sface_2021dec.onnx in Resources */ = {isa = PBXBuildFile; fileRef = E50BD28A10019F27FB3DA8D9 /* sface_2021dec.onnx */; };
		4EEE1B87B1D64F19F83A55D0 /* facelivt_v2_l.onnx in Resources */ = {isa = PBXBuildFile; fileRef = 3B1D8EAEC0D4DB0877A28947 /* facelivt_v2_l.onnx */; };
		515EEE5255858D9BFF89FDE3 /* yunet_2023mar.onnx in Resources */ = {isa = PBXBuildFile; fileRef = 039F8792DADEB3CADF2AF204 /* yunet_2023mar.onnx */; };
		5B76FE247AC50433F62E653A /* blazeface.onnx in Resources */ = {isa = PBXBuildFile; fileRef = 0C3862212A9605C5487460D8 /* blazeface.onnx */; };
		761780ED2CA45674006654EE /* AppDelegate.swift in Sources */ = {isa = PBXBuildFile; fileRef = 761780EC2CA45674006654EE /* AppDelegate.swift */; };
		7C4A260BFF6E6497A7CA19F5 /* facelivt_v1_m.onnx in Resources */ = {isa = PBXBuildFile; fileRef = 820FE52945E86021AC4FF6AB /* facelivt_v1_m.onnx */; };
		81AB9BB82411601600AC10FF /* LaunchScreen.storyboard in Resources */ = {isa = PBXBuildFile; fileRef = 81AB9BB72411601600AC10FF /* LaunchScreen.storyboard */; };
		867E0ACD3D36F12F78DF3008 /* ghostfacenet_v2.onnx in Resources */ = {isa = PBXBuildFile; fileRef = 1695A5575EB812593E2F64E4 /* ghostfacenet_v2.onnx */; };
		8F4302A142AE2E7DF92E11F6 /* scrfd_640.onnx in Resources */ = {isa = PBXBuildFile; fileRef = 6E2EE09872286EB0E4563F4D /* scrfd_640.onnx */; };
		93AF0F63AA46AFE029207A9C /* facenet.onnx in Resources */ = {isa = PBXBuildFile; fileRef = E8E70123AD31D5450BE7D75E /* facenet.onnx */; };
		B8EE904FA500CCFEF13A924D /* facelivt_v2_s.onnx in Resources */ = {isa = PBXBuildFile; fileRef = 0BBEE0198F0A0CC1A8D85B07 /* facelivt_v2_s.onnx */; };
		BF8F3F5482ED248AAD3F5699 /* edgeface_s_gamma_05.onnx in Resources */ = {isa = PBXBuildFile; fileRef = 0AA1BB8DFC155551D2A96BFF /* edgeface_s_gamma_05.onnx */; };
/* End PBXBuildFile section */

/* Begin PBXFileReference section */
		039F8792DADEB3CADF2AF204 /* yunet_2023mar.onnx */ = {isa = PBXFileReference; lastKnownFileType = file; name = yunet_2023mar.onnx; path = FaceModelLab/yunet_2023mar.onnx; sourceTree = "<group>"; };
		08FA2A062FF3FDFB0044CEF8 /* FaceCoreML.mm */ = {isa = PBXFileReference; lastKnownFileType = sourcecode.cpp.objcpp; path = FaceCoreML.mm; sourceTree = "<group>"; };
		0AA1BB8DFC155551D2A96BFF /* edgeface_s_gamma_05.onnx */ = {isa = PBXFileReference; lastKnownFileType = file; name = edgeface_s_gamma_05.onnx; path = FaceModelLab/edgeface_s_gamma_05.onnx; sourceTree = "<group>"; };
		0BBEE0198F0A0CC1A8D85B07 /* facelivt_v2_s.onnx */ = {isa = PBXFileReference; lastKnownFileType = text; name = facelivt_v2_s.onnx; path = FaceModelLab/facelivt_v2_s.onnx; sourceTree = "<group>"; };
		0C3862212A9605C5487460D8 /* blazeface.onnx */ = {isa = PBXFileReference; lastKnownFileType = file; name = blazeface.onnx; path = FaceModelLab/blazeface.onnx; sourceTree = "<group>"; };
		13B07F961A680F5B00A75B9A /* FaceModelLab.app */ = {isa = PBXFileReference; explicitFileType = wrapper.application; includeInIndex = 0; path = FaceModelLab.app; sourceTree = BUILT_PRODUCTS_DIR; };
		13B07FB51A68108700A75B9A /* Images.xcassets */ = {isa = PBXFileReference; lastKnownFileType = folder.assetcatalog; name = Images.xcassets; path = FaceModelLab/Images.xcassets; sourceTree = "<group>"; };
		13B07FB61A68108700A75B9A /* Info.plist */ = {isa = PBXFileReference; fileEncoding = 4; lastKnownFileType = text.plist.xml; name = Info.plist; path = FaceModelLab/Info.plist; sourceTree = "<group>"; };
		13B07FB81A68108700A75B9A /* PrivacyInfo.xcprivacy */ = {isa = PBXFileReference; fileEncoding = 4; lastKnownFileType = text.plist.xml; name = PrivacyInfo.xcprivacy; path = FaceModelLab/PrivacyInfo.xcprivacy; sourceTree = "<group>"; };
		1695A5575EB812593E2F64E4 /* ghostfacenet_v2.onnx */ = {isa = PBXFileReference; lastKnownFileType = text; name = ghostfacenet_v2.onnx; path = FaceModelLab/ghostfacenet_v2.onnx; sourceTree = "<group>"; };
		3669D06AE96B4806B25C4AEF /* mobilefacenet.onnx */ = {isa = PBXFileReference; lastKnownFileType = file; name = mobilefacenet.onnx; path = FaceModelLab/mobilefacenet.onnx; sourceTree = "<group>"; };
		3B1D8EAEC0D4DB0877A28947 /* facelivt_v2_l.onnx */ = {isa = PBXFileReference; lastKnownFileType = text; name = facelivt_v2_l.onnx; path = FaceModelLab/facelivt_v2_l.onnx; sourceTree = "<group>"; };
		3B4392A12AC88292D35C810B /* Pods-FaceModelLab.debug.xcconfig */ = {isa = PBXFileReference; includeInIndex = 1; lastKnownFileType = text.xcconfig; name = "Pods-FaceModelLab.debug.xcconfig"; path = "Target Support Files/Pods-FaceModelLab/Pods-FaceModelLab.debug.xcconfig"; sourceTree = "<group>"; };
		4E7C5E39C5473BCEBB84A88F /* facelivt_v2_xs.onnx */ = {isa = PBXFileReference; lastKnownFileType = text; name = facelivt_v2_xs.onnx; path = FaceModelLab/facelivt_v2_xs.onnx; sourceTree = "<group>"; };
		5709B34CF0A7D63546082F79 /* Pods-FaceModelLab.release.xcconfig */ = {isa = PBXFileReference; includeInIndex = 1; lastKnownFileType = text.xcconfig; name = "Pods-FaceModelLab.release.xcconfig"; path = "Target Support Files/Pods-FaceModelLab/Pods-FaceModelLab.release.xcconfig"; sourceTree = "<group>"; };
		5DCACB8F33CDC322A6C60F78 /* libPods-FaceModelLab.a */ = {isa = PBXFileReference; explicitFileType = archive.ar; includeInIndex = 0; path = "libPods-FaceModelLab.a"; sourceTree = BUILT_PRODUCTS_DIR; };
		6E2EE09872286EB0E4563F4D /* scrfd_640.onnx */ = {isa = PBXFileReference; lastKnownFileType = file; name = scrfd_640.onnx; path = FaceModelLab/scrfd_640.onnx; sourceTree = "<group>"; };
		761780EC2CA45674006654EE /* AppDelegate.swift */ = {isa = PBXFileReference; lastKnownFileType = sourcecode.swift; name = AppDelegate.swift; path = FaceModelLab/AppDelegate.swift; sourceTree = "<group>"; };
		7D54C895BE60D0CFBACDB063 /* facelivt_v1_s.onnx */ = {isa = PBXFileReference; lastKnownFileType = text; name = facelivt_v1_s.onnx; path = FaceModelLab/facelivt_v1_s.onnx; sourceTree = "<group>"; };
		81AB9BB72411601600AC10FF /* LaunchScreen.storyboard */ = {isa = PBXFileReference; fileEncoding = 4; lastKnownFileType = file.storyboard; name = LaunchScreen.storyboard; path = FaceModelLab/LaunchScreen.storyboard; sourceTree = "<group>"; };
		820FE52945E86021AC4FF6AB /* facelivt_v1_m.onnx */ = {isa = PBXFileReference; lastKnownFileType = text; name = facelivt_v1_m.onnx; path = FaceModelLab/facelivt_v1_m.onnx; sourceTree = "<group>"; };
		E50BD28A10019F27FB3DA8D9 /* sface_2021dec.onnx */ = {isa = PBXFileReference; lastKnownFileType = file; name = sface_2021dec.onnx; path = FaceModelLab/sface_2021dec.onnx; sourceTree = "<group>"; };
		E8E70123AD31D5450BE7D75E /* facenet.onnx */ = {isa = PBXFileReference; lastKnownFileType = file; name = facenet.onnx; path = FaceModelLab/facenet.onnx; sourceTree = "<group>"; };
		E9F1D2537AECBDDF5136F171 /* facelivt_v2_m.onnx */ = {isa = PBXFileReference; lastKnownFileType = text; name = facelivt_v2_m.onnx; path = FaceModelLab/facelivt_v2_m.onnx; sourceTree = "<group>"; };
		ED297162215061F000B7C4FE /* JavaScriptCore.framework */ = {isa = PBXFileReference; lastKnownFileType = wrapper.framework; name = JavaScriptCore.framework; path = System/Library/Frameworks/JavaScriptCore.framework; sourceTree = SDKROOT; };
/* End PBXFileReference section */

/* Begin PBXFrameworksBuildPhase section */
		13B07F8C1A680F5B00A75B9A /* Frameworks */ = {
			isa = PBXFrameworksBuildPhase;
			buildActionMask = 2147483647;
			files = (
				0C80B921A6F3F58F76C31292 /* libPods-FaceModelLab.a in Frameworks */,
			);
			runOnlyForDeploymentPostprocessing = 0;
		};
/* End PBXFrameworksBuildPhase section */

/* Begin PBXGroup section */
		13B07FAE1A68108700A75B9A /* FaceModelLab */ = {
			isa = PBXGroup;
			children = (
				13B07FB51A68108700A75B9A /* Images.xcassets */,
				761780EC2CA45674006654EE /* AppDelegate.swift */,
				13B07FB61A68108700A75B9A /* Info.plist */,
				81AB9BB72411601600AC10FF /* LaunchScreen.storyboard */,
				13B07FB81A68108700A75B9A /* PrivacyInfo.xcprivacy */,
				0C3862212A9605C5487460D8 /* blazeface.onnx */,
				0AA1BB8DFC155551D2A96BFF /* edgeface_s_gamma_05.onnx */,
				820FE52945E86021AC4FF6AB /* facelivt_v1_m.onnx */,
				7D54C895BE60D0CFBACDB063 /* facelivt_v1_s.onnx */,
				3B1D8EAEC0D4DB0877A28947 /* facelivt_v2_l.onnx */,
				E9F1D2537AECBDDF5136F171 /* facelivt_v2_m.onnx */,
				0BBEE0198F0A0CC1A8D85B07 /* facelivt_v2_s.onnx */,
				4E7C5E39C5473BCEBB84A88F /* facelivt_v2_xs.onnx */,
				E8E70123AD31D5450BE7D75E /* facenet.onnx */,
				1695A5575EB812593E2F64E4 /* ghostfacenet_v2.onnx */,
				3669D06AE96B4806B25C4AEF /* mobilefacenet.onnx */,
				6E2EE09872286EB0E4563F4D /* scrfd_640.onnx */,
				E50BD28A10019F27FB3DA8D9 /* sface_2021dec.onnx */,
				039F8792DADEB3CADF2AF204 /* yunet_2023mar.onnx */,
			);
			name = FaceModelLab;
			sourceTree = "<group>";
		};
		2D16E6871FA4F8E400B85C8A /* Frameworks */ = {
			isa = PBXGroup;
			children = (
				ED297162215061F000B7C4FE /* JavaScriptCore.framework */,
				5DCACB8F33CDC322A6C60F78 /* libPods-FaceModelLab.a */,
			);
			name = Frameworks;
			sourceTree = "<group>";
		};
		832341AE1AAA6A7D00B99B32 /* Libraries */ = {
			isa = PBXGroup;
			children = (
			);
			name = Libraries;
			sourceTree = "<group>";
		};
		83CBB9F61A601CBA00E9B192 = {
			isa = PBXGroup;
			children = (
				08FA2A062FF3FDFB0044CEF8 /* FaceCoreML.mm */,
				13B07FAE1A68108700A75B9A /* FaceModelLab */,
				832341AE1AAA6A7D00B99B32 /* Libraries */,
				83CBBA001A601CBA00E9B192 /* Products */,
				2D16E6871FA4F8E400B85C8A /* Frameworks */,
				BBD78D7AC51CEA395F1C20DB /* Pods */,
			);
			indentWidth = 2;
			sourceTree = "<group>";
			tabWidth = 2;
			usesTabs = 0;
		};
		83CBBA001A601CBA00E9B192 /* Products */ = {
			isa = PBXGroup;
			children = (
				13B07F961A680F5B00A75B9A /* FaceModelLab.app */,
			);
			name = Products;
			sourceTree = "<group>";
		};
		BBD78D7AC51CEA395F1C20DB /* Pods */ = {
			isa = PBXGroup;
			children = (
				3B4392A12AC88292D35C810B /* Pods-FaceModelLab.debug.xcconfig */,
				5709B34CF0A7D63546082F79 /* Pods-FaceModelLab.release.xcconfig */,
			);
			path = Pods;
			sourceTree = "<group>";
		};
/* End PBXGroup section */

/* Begin PBXNativeTarget section */
		13B07F861A680F5B00A75B9A /* FaceModelLab */ = {
			isa = PBXNativeTarget;
			buildConfigurationList = 13B07F931A680F5B00A75B9A /* Build configuration list for PBXNativeTarget "FaceModelLab" */;
			buildPhases = (
				C38B50BA6285516D6DCD4F65 /* [CP] Check Pods Manifest.lock */,
				13B07F871A680F5B00A75B9A /* Sources */,
				13B07F8C1A680F5B00A75B9A /* Frameworks */,
				13B07F8E1A680F5B00A75B9A /* Resources */,
				00DD1BFF1BD5951E006B06BC /* Bundle React Native code and images */,
				00EEFC60759A1932668264C0 /* [CP] Embed Pods Frameworks */,
				E235C05ADACE081382539298 /* [CP] Copy Pods Resources */,
			);
			buildRules = (
			);
			dependencies = (
			);
			name = FaceModelLab;
			productName = FaceModelLab;
			productReference = 13B07F961A680F5B00A75B9A /* FaceModelLab.app */;
			productType = "com.apple.product-type.application";
		};
/* End PBXNativeTarget section */

/* Begin PBXProject section */
		83CBB9F71A601CBA00E9B192 /* Project object */ = {
			isa = PBXProject;
			attributes = {
				LastUpgradeCheck = 1210;
				TargetAttributes = {
					13B07F861A680F5B00A75B9A = {
						LastSwiftMigration = 2660;
					};
				};
			};
			buildConfigurationList = 83CBB9FA1A601CBA00E9B192 /* Build configuration list for PBXProject "FaceModelLab" */;
			compatibilityVersion = "Xcode 12.0";
			developmentRegion = en;
			hasScannedForEncodings = 0;
			knownRegions = (
				en,
				Base,
			);
			mainGroup = 83CBB9F61A601CBA00E9B192;
			productRefGroup = 83CBBA001A601CBA00E9B192 /* Products */;
			projectDirPath = "";
			projectRoot = "";
			targets = (
				13B07F861A680F5B00A75B9A /* FaceModelLab */,
			);
		};
/* End PBXProject section */

/* Begin PBXResourcesBuildPhase section */
		13B07F8E1A680F5B00A75B9A /* Resources */ = {
			isa = PBXResourcesBuildPhase;
			buildActionMask = 2147483647;
			files = (
				81AB9BB82411601600AC10FF /* LaunchScreen.storyboard in Resources */,
				13B07FBF1A68108700A75B9A /* Images.xcassets in Resources */,
				398CFA7849B9F50248B9682B /* PrivacyInfo.xcprivacy in Resources */,
				5B76FE247AC50433F62E653A /* blazeface.onnx in Resources */,
				BF8F3F5482ED248AAD3F5699 /* edgeface_s_gamma_05.onnx in Resources */,
				7C4A260BFF6E6497A7CA19F5 /* facelivt_v1_m.onnx in Resources */,
				08F6B7286F87A2914C7525EE /* facelivt_v1_s.onnx in Resources */,
				4EEE1B87B1D64F19F83A55D0 /* facelivt_v2_l.onnx in Resources */,
				32DF101621FF1E30E07BDF66 /* facelivt_v2_m.onnx in Resources */,
				B8EE904FA500CCFEF13A924D /* facelivt_v2_s.onnx in Resources */,
				4008DA35D0833F8F6491F587 /* facelivt_v2_xs.onnx in Resources */,
				93AF0F63AA46AFE029207A9C /* facenet.onnx in Resources */,
				867E0ACD3D36F12F78DF3008 /* ghostfacenet_v2.onnx in Resources */,
				3D699E760EF8AECD107252F7 /* mobilefacenet.onnx in Resources */,
				8F4302A142AE2E7DF92E11F6 /* scrfd_640.onnx in Resources */,
				41000BB825439A24A45F7EF7 /* sface_2021dec.onnx in Resources */,
				515EEE5255858D9BFF89FDE3 /* yunet_2023mar.onnx in Resources */,
			);
			runOnlyForDeploymentPostprocessing = 0;
		};
/* End PBXResourcesBuildPhase section */

/* Begin PBXShellScriptBuildPhase section */
		00DD1BFF1BD5951E006B06BC /* Bundle React Native code and images */ = {
			isa = PBXShellScriptBuildPhase;
			buildActionMask = 2147483647;
			files = (
			);
			inputPaths = (
				"$(SRCROOT)/.xcode.env.local",
				"$(SRCROOT)/.xcode.env",
			);
			name = "Bundle React Native code and images";
			outputPaths = (
			);
			runOnlyForDeploymentPostprocessing = 0;
			shellPath = /bin/sh;
			shellScript = "set -e\n\nWITH_ENVIRONMENT=\"$REACT_NATIVE_PATH/scripts/xcode/with-environment.sh\"\nREACT_NATIVE_XCODE=\"$REACT_NATIVE_PATH/scripts/react-native-xcode.sh\"\n\n/bin/sh -c \"\\\"$WITH_ENVIRONMENT\\\" \\\"$REACT_NATIVE_XCODE\\\"\"\n";
		};
		00EEFC60759A1932668264C0 /* [CP] Embed Pods Frameworks */ = {
			isa = PBXShellScriptBuildPhase;
			buildActionMask = 2147483647;
			files = (
			);
			inputFileListPaths = (
				"${PODS_ROOT}/Target Support Files/Pods-FaceModelLab/Pods-FaceModelLab-frameworks-${CONFIGURATION}-input-files.xcfilelist",
			);
			inputPaths = (
			);
			name = "[CP] Embed Pods Frameworks";
			outputFileListPaths = (
				"${PODS_ROOT}/Target Support Files/Pods-FaceModelLab/Pods-FaceModelLab-frameworks-${CONFIGURATION}-output-files.xcfilelist",
			);
			outputPaths = (
			);
			runOnlyForDeploymentPostprocessing = 0;
			shellPath = /bin/sh;
			shellScript = "\"${PODS_ROOT}/Target Support Files/Pods-FaceModelLab/Pods-FaceModelLab-frameworks.sh\"\n";
			showEnvVarsInLog = 0;
		};
		C38B50BA6285516D6DCD4F65 /* [CP] Check Pods Manifest.lock */ = {
			isa = PBXShellScriptBuildPhase;
			buildActionMask = 2147483647;
			files = (
			);
			inputFileListPaths = (
			);
			inputPaths = (
				"${PODS_PODFILE_DIR_PATH}/Podfile.lock",
				"${PODS_ROOT}/Manifest.lock",
			);
			name = "[CP] Check Pods Manifest.lock";
			outputFileListPaths = (
			);
			outputPaths = (
				"$(DERIVED_FILE_DIR)/Pods-FaceModelLab-checkManifestLockResult.txt",
			);
			runOnlyForDeploymentPostprocessing = 0;
			shellPath = /bin/sh;
			shellScript = "diff \"${PODS_PODFILE_DIR_PATH}/Podfile.lock\" \"${PODS_ROOT}/Manifest.lock\" > /dev/null\nif [ $? != 0 ] ; then\n    # print error to STDERR\n    echo \"error: The sandbox is not in sync with the Podfile.lock. Run 'pod install' or update your CocoaPods installation.\" >&2\n    exit 1\nfi\n# This output is used by Xcode 'outputs' to avoid re-running this script phase.\necho \"SUCCESS\" > \"${SCRIPT_OUTPUT_FILE_0}\"\n";
			showEnvVarsInLog = 0;
		};
		E235C05ADACE081382539298 /* [CP] Copy Pods Resources */ = {
			isa = PBXShellScriptBuildPhase;
			buildActionMask = 2147483647;
			files = (
			);
			inputFileListPaths = (
				"${PODS_ROOT}/Target Support Files/Pods-FaceModelLab/Pods-FaceModelLab-resources-${CONFIGURATION}-input-files.xcfilelist",
			);
			inputPaths = (
			);
			name = "[CP] Copy Pods Resources";
			outputFileListPaths = (
				"${PODS_ROOT}/Target Support Files/Pods-FaceModelLab/Pods-FaceModelLab-resources-${CONFIGURATION}-output-files.xcfilelist",
			);
			outputPaths = (
			);
			runOnlyForDeploymentPostprocessing = 0;
			shellPath = /bin/sh;
			shellScript = "\"${PODS_ROOT}/Target Support Files/Pods-FaceModelLab/Pods-FaceModelLab-resources.sh\"\n";
			showEnvVarsInLog = 0;
		};
/* End PBXShellScriptBuildPhase section */

/* Begin PBXSourcesBuildPhase section */
		13B07F871A680F5B00A75B9A /* Sources */ = {
			isa = PBXSourcesBuildPhase;
			buildActionMask = 2147483647;
			files = (
				08FA2A072FF3FDFB0044CEF8 /* FaceCoreML.mm in Sources */,
				761780ED2CA45674006654EE /* AppDelegate.swift in Sources */,
			);
			runOnlyForDeploymentPostprocessing = 0;
		};
/* End PBXSourcesBuildPhase section */

/* Begin XCBuildConfiguration section */
		13B07F941A680F5B00A75B9A /* Debug */ = {
			isa = XCBuildConfiguration;
			baseConfigurationReference = 3B4392A12AC88292D35C810B /* Pods-FaceModelLab.debug.xcconfig */;
			buildSettings = {
				ASSETCATALOG_COMPILER_APPICON_NAME = AppIcon;
				CLANG_ENABLE_MODULES = YES;
				CURRENT_PROJECT_VERSION = 1;
				DEVELOPMENT_TEAM = 47JPWJ364G;
				ENABLE_BITCODE = NO;
				INFOPLIST_FILE = FaceModelLab/Info.plist;
				IPHONEOS_DEPLOYMENT_TARGET = 15.5;
				LD_RUNPATH_SEARCH_PATHS = (
					"$(inherited)",
					"@executable_path/Frameworks",
				);
				MARKETING_VERSION = 1.0;
				OTHER_LDFLAGS = (
					"$(inherited)",
					"-ObjC",
					"-lc++",
				);
				PRODUCT_BUNDLE_IDENTIFIER = "org.reactjs.native.example.$(PRODUCT_NAME:rfc1034identifier)";
				PRODUCT_NAME = FaceModelLab;
				SUPPORTED_PLATFORMS = "iphoneos iphonesimulator";
				SWIFT_OPTIMIZATION_LEVEL = "-Onone";
				SWIFT_VERSION = 5.0;
				TARGETED_DEVICE_FAMILY = "1,2";
				VERSIONING_SYSTEM = "apple-generic";
			};
			name = Debug;
		};
		13B07F951A680F5B00A75B9A /* Release */ = {
			isa = XCBuildConfiguration;
			baseConfigurationReference = 5709B34CF0A7D63546082F79 /* Pods-FaceModelLab.release.xcconfig */;
			buildSettings = {
				ASSETCATALOG_COMPILER_APPICON_NAME = AppIcon;
				CLANG_ENABLE_MODULES = YES;
				CURRENT_PROJECT_VERSION = 1;
				DEVELOPMENT_TEAM = 47JPWJ364G;
				INFOPLIST_FILE = FaceModelLab/Info.plist;
				IPHONEOS_DEPLOYMENT_TARGET = 15.5;
				LD_RUNPATH_SEARCH_PATHS = (
					"$(inherited)",
					"@executable_path/Frameworks",
				);
				MARKETING_VERSION = 1.0;
				OTHER_LDFLAGS = (
					"$(inherited)",
					"-ObjC",
					"-lc++",
				);
				PRODUCT_BUNDLE_IDENTIFIER = "org.reactjs.native.example.$(PRODUCT_NAME:rfc1034identifier)";
				PRODUCT_NAME = FaceModelLab;
				SUPPORTED_PLATFORMS = "iphoneos iphonesimulator";
				SWIFT_VERSION = 5.0;
				TARGETED_DEVICE_FAMILY = "1,2";
				VERSIONING_SYSTEM = "apple-generic";
			};
			name = Release;
		};
		83CBBA201A601CBA00E9B192 /* Debug */ = {
			isa = XCBuildConfiguration;
			buildSettings = {
				ALWAYS_SEARCH_USER_PATHS = NO;
				CLANG_ANALYZER_LOCALIZABILITY_NONLOCALIZED = YES;
				CLANG_CXX_LANGUAGE_STANDARD = "c++20";
				CLANG_CXX_LIBRARY = "libc++";
				CLANG_ENABLE_MODULES = YES;
				CLANG_ENABLE_OBJC_ARC = YES;
				CLANG_WARN_BLOCK_CAPTURE_AUTORELEASING = YES;
				CLANG_WARN_BOOL_CONVERSION = YES;
				CLANG_WARN_COMMA = YES;
				CLANG_WARN_CONSTANT_CONVERSION = YES;
				CLANG_WARN_DEPRECATED_OBJC_IMPLEMENTATIONS = YES;
				CLANG_WARN_DIRECT_OBJC_ISA_USAGE = YES_ERROR;
				CLANG_WARN_EMPTY_BODY = YES;
				CLANG_WARN_ENUM_CONVERSION = YES;
				CLANG_WARN_INFINITE_RECURSION = YES;
				CLANG_WARN_INT_CONVERSION = YES;
				CLANG_WARN_NON_LITERAL_NULL_CONVERSION = YES;
				CLANG_WARN_OBJC_IMPLICIT_RETAIN_SELF = YES;
				CLANG_WARN_OBJC_LITERAL_CONVERSION = YES;
				CLANG_WARN_OBJC_ROOT_CLASS = YES_ERROR;
				CLANG_WARN_QUOTED_INCLUDE_IN_FRAMEWORK_HEADER = YES;
				CLANG_WARN_RANGE_LOOP_ANALYSIS = YES;
				CLANG_WARN_STRICT_PROTOTYPES = YES;
				CLANG_WARN_SUSPICIOUS_MOVE = YES;
				CLANG_WARN_UNREACHABLE_CODE = YES;
				CLANG_WARN__DUPLICATE_METHOD_MATCH = YES;
				"CODE_SIGN_IDENTITY[sdk=iphoneos*]" = "iPhone Developer";
				COPY_PHASE_STRIP = NO;
				ENABLE_STRICT_OBJC_MSGSEND = YES;
				ENABLE_TESTABILITY = YES;
				"EXCLUDED_ARCHS[sdk=iphonesimulator*]" = "";
				GCC_C_LANGUAGE_STANDARD = gnu99;
				GCC_DYNAMIC_NO_PIC = NO;
				GCC_NO_COMMON_BLOCKS = YES;
				GCC_OPTIMIZATION_LEVEL = 0;
				GCC_PREPROCESSOR_DEFINITIONS = (
					"DEBUG=1",
					"$(inherited)",
				);
				GCC_SYMBOLS_PRIVATE_EXTERN = NO;
				GCC_WARN_64_TO_32_BIT_CONVERSION = YES;
				GCC_WARN_ABOUT_RETURN_TYPE = YES_ERROR;
				GCC_WARN_UNDECLARED_SELECTOR = YES;
				GCC_WARN_UNINITIALIZED_AUTOS = YES_AGGRESSIVE;
				GCC_WARN_UNUSED_FUNCTION = YES;
				GCC_WARN_UNUSED_VARIABLE = YES;
				IPHONEOS_DEPLOYMENT_TARGET = 15.5;
				LD_RUNPATH_SEARCH_PATHS = (
					/usr/lib/swift,
					"$(inherited)",
				);
				LIBRARY_SEARCH_PATHS = (
					"\"$(SDKROOT)/usr/lib/swift\"",
					"\"$(TOOLCHAIN_DIR)/usr/lib/swift/$(PLATFORM_NAME)\"",
					"\"$(inherited)\"",
				);
				MTL_ENABLE_DEBUG_INFO = YES;
				ONLY_ACTIVE_ARCH = YES;
				OTHER_CFLAGS = (
					"$(inherited)",
					"-DRCT_REMOVE_LEGACY_ARCH=1",
				);
				OTHER_CPLUSPLUSFLAGS = (
					"$(OTHER_CFLAGS)",
					"-DFOLLY_NO_CONFIG",
					"-DFOLLY_MOBILE=1",
					"-DFOLLY_USE_LIBCPP=1",
					"-DFOLLY_CFG_NO_COROUTINES=1",
					"-DFOLLY_HAVE_CLOCK_GETTIME=1",
					"-DRCT_REMOVE_LEGACY_ARCH=1",
				);
				REACT_NATIVE_PATH = "${PODS_ROOT}/../../node_modules/react-native";
				SDKROOT = iphoneos;
				SWIFT_ACTIVE_COMPILATION_CONDITIONS = "$(inherited) DEBUG";
				SWIFT_ENABLE_EXPLICIT_MODULES = NO;
				USE_HERMES = true;
			};
			name = Debug;
		};
		83CBBA211A601CBA00E9B192 /* Release */ = {
			isa = XCBuildConfiguration;
			buildSettings = {
				ALWAYS_SEARCH_USER_PATHS = NO;
				CLANG_ANALYZER_LOCALIZABILITY_NONLOCALIZED = YES;
				CLANG_CXX_LANGUAGE_STANDARD = "c++20";
				CLANG_CXX_LIBRARY = "libc++";
				CLANG_ENABLE_MODULES = YES;
				CLANG_ENABLE_OBJC_ARC = YES;
				CLANG_WARN_BLOCK_CAPTURE_AUTORELEASING = YES;
				CLANG_WARN_BOOL_CONVERSION = YES;
				CLANG_WARN_COMMA = YES;
				CLANG_WARN_CONSTANT_CONVERSION = YES;
				CLANG_WARN_DEPRECATED_OBJC_IMPLEMENTATIONS = YES;
				CLANG_WARN_DIRECT_OBJC_ISA_USAGE = YES_ERROR;
				CLANG_WARN_EMPTY_BODY = YES;
				CLANG_WARN_ENUM_CONVERSION = YES;
				CLANG_WARN_INFINITE_RECURSION = YES;
				CLANG_WARN_INT_CONVERSION = YES;
				CLANG_WARN_NON_LITERAL_NULL_CONVERSION = YES;
				CLANG_WARN_OBJC_IMPLICIT_RETAIN_SELF = YES;
				CLANG_WARN_OBJC_LITERAL_CONVERSION = YES;
				CLANG_WARN_OBJC_ROOT_CLASS = YES_ERROR;
				CLANG_WARN_QUOTED_INCLUDE_IN_FRAMEWORK_HEADER = YES;
				CLANG_WARN_RANGE_LOOP_ANALYSIS = YES;
				CLANG_WARN_STRICT_PROTOTYPES = YES;
				CLANG_WARN_SUSPICIOUS_MOVE = YES;
				CLANG_WARN_UNREACHABLE_CODE = YES;
				CLANG_WARN__DUPLICATE_METHOD_MATCH = YES;
				"CODE_SIGN_IDENTITY[sdk=iphoneos*]" = "iPhone Developer";
				COPY_PHASE_STRIP = YES;
				ENABLE_NS_ASSERTIONS = NO;
				ENABLE_STRICT_OBJC_MSGSEND = YES;
				"EXCLUDED_ARCHS[sdk=iphonesimulator*]" = "";
				GCC_C_LANGUAGE_STANDARD = gnu99;
				GCC_NO_COMMON_BLOCKS = YES;
				GCC_WARN_64_TO_32_BIT_CONVERSION = YES;
				GCC_WARN_ABOUT_RETURN_TYPE = YES_ERROR;
				GCC_WARN_UNDECLARED_SELECTOR = YES;
				GCC_WARN_UNINITIALIZED_AUTOS = YES_AGGRESSIVE;
				GCC_WARN_UNUSED_FUNCTION = YES;
				GCC_WARN_UNUSED_VARIABLE = YES;
				IPHONEOS_DEPLOYMENT_TARGET = 15.5;
				LD_RUNPATH_SEARCH_PATHS = (
					/usr/lib/swift,
					"$(inherited)",
				);
				LIBRARY_SEARCH_PATHS = (
					"\"$(SDKROOT)/usr/lib/swift\"",
					"\"$(TOOLCHAIN_DIR)/usr/lib/swift/$(PLATFORM_NAME)\"",
					"\"$(inherited)\"",
				);
				MTL_ENABLE_DEBUG_INFO = NO;
				OTHER_CFLAGS = (
					"$(inherited)",
					"-DRCT_REMOVE_LEGACY_ARCH=1",
				);
				OTHER_CPLUSPLUSFLAGS = (
					"$(OTHER_CFLAGS)",
					"-DFOLLY_NO_CONFIG",
					"-DFOLLY_MOBILE=1",
					"-DFOLLY_USE_LIBCPP=1",
					"-DFOLLY_CFG_NO_COROUTINES=1",
					"-DFOLLY_HAVE_CLOCK_GETTIME=1",
					"-DRCT_REMOVE_LEGACY_ARCH=1",
				);
				REACT_NATIVE_PATH = "${PODS_ROOT}/../../node_modules/react-native";
				SDKROOT = iphoneos;
				SWIFT_ENABLE_EXPLICIT_MODULES = NO;
				USE_HERMES = true;
				VALIDATE_PRODUCT = YES;
			};
			name = Release;
		};
/* End XCBuildConfiguration section */

/* Begin XCConfigurationList section */
		13B07F931A680F5B00A75B9A /* Build configuration list for PBXNativeTarget "FaceModelLab" */ = {
			isa = XCConfigurationList;
			buildConfigurations = (
				13B07F941A680F5B00A75B9A /* Debug */,
				13B07F951A680F5B00A75B9A /* Release */,
			);
			defaultConfigurationIsVisible = 0;
			defaultConfigurationName = Release;
		};
		83CBB9FA1A601CBA00E9B192 /* Build configuration list for PBXProject "FaceModelLab" */ = {
			isa = XCConfigurationList;
			buildConfigurations = (
				83CBBA201A601CBA00E9B192 /* Debug */,
				83CBBA211A601CBA00E9B192 /* Release */,
			);
			defaultConfigurationIsVisible = 0;
			defaultConfigurationName = Release;
		};
/* End XCConfigurationList section */
	};
	rootObject = 83CBB9F71A601CBA00E9B192 /* Project object */;
}
